
Microsoft Visual Studio Solution File, Format Version 12.00
# Visual Studio Version 16
VisualStudioVersion = 16.0.29709.97
MinimumVisualStudioVersion = 10.0.40219.1
Project("{FAE04EC0-301F-11D3-BF4B-00C04F79EFBC}") = "Spreadsheet_Nate_Gibson", "Spreadsheet_Nate_Gibson\Spreadsheet_Nate_Gibson.csproj", "{B96FA6C2-6D15-4F8A-9A0B-BD2A2EEA81F2}"
EndProject
Project("{FAE04EC0-301F-11D3-BF4B-00C04F79EFBC}") = "Tests_Spreadsheet_Nate_Gibson", "Tests_Spreadsheet_Nate_Gibson\Tests_Spreadsheet_Nate_Gibson.csproj", "{8EDF4429-251A-416D-BB68-93F227191BCF}"
EndProject
Project("{FAE04EC0-301F-11D3-BF4B-00C04F79EFBC}") = "SpreadsheetEngine", "SpreadsheetEngine\SpreadsheetEngine.csproj", "{13430765-67D4-46C2-8912-577BA66DAA38}"
EndProject
Project("{FAE04EC0-301F-11D3-BF4B-00C04F79EFBC}") = "ExpressionTreeDemo", "ExpressionTreeDemo\ExpressionTreeDemo.csproj", "{7577F3EB-3267-4C4D-834F-F210F10FC2BF}"
EndProject
Global
	GlobalSection(SolutionConfigurationPlatforms) = preSolution
		Debug|Any CPU = Debug|Any CPU
		Release|Any CPU = Release|Any CPU
	EndGlobalSection
	GlobalSection(ProjectConfigurationPlatforms) = postSolution
		{B96FA6C2-6D15-4F8A-9A0B-BD2A2EEA81F2}.Debug|Any CPU.ActiveCfg = Debug|Any CPU
		{B96FA6C2-6D15-4F8A-9A0B-BD2A2EEA81F2}.Debug|Any CPU.Build.0 = Debug|Any CPU
		{B96FA6C2-6D15-4F8A-9A0B-BD2A2EEA81F2}.Release|Any CPU.ActiveCfg = Release|Any CPU
		{B96FA6C2-6D15-4F8A-9A0B-BD2A2EEA81F2}.Release|Any CPU.Build.0 = Release|Any CPU
		{8EDF4429-251A-416D-BB68-93F227191BCF}.Debug|Any CPU.ActiveCfg = Debug|Any CPU
		{8EDF4429-251A-416D-BB68-93F227191BCF}.Debug|Any CPU.Build.0 = Debug|Any CPU
		{8EDF4429-251A-416D-BB68-93F227191BCF}.Release|Any CPU.ActiveCfg = Release|Any CPU
		{8EDF4429-251A-416D-BB68-93F227191BCF}.Release|Any CPU.Build.0 = Release|Any CPU
		{13430765-67D4-46C2-8912-577BA66DAA38}.Debug|Any CPU.ActiveCfg = Debug|Any CPU
		{13430765-67D4-46C2-8912-577BA66DAA38}.Debug|Any CPU.Build.0 = Debug|Any CPU
		{13430765-67D4-46C2-8912-577BA66DAA38}.Release|Any CPU.ActiveCfg = Release|Any CPU
		{13430765-67D4-46C2-8912-577BA66DAA38}.Release|Any CPU.Build.0 = Release|Any CPU
		{7577F3EB-3267-4C4D-834F-F210F10FC2BF}.Debug|Any CPU.ActiveCfg = Debug|Any CPU
		{7577F3EB-3267-4C4D-834F-F210F10FC2BF}.Debug|Any CPU.Build.0 = Debug|Any CPU
		{7577F3EB-3267-4C4D-834F-F210F10FC2BF}.Release|Any CPU.ActiveCfg = Release|Any CPU
		{7577F3EB-3267-4C4D-834F-F210F10FC2BF}.Release|Any CPU.Build.0 = Release|Any CPU
	EndGlobalSection
	GlobalSection(SolutionProperties) = preSolution
		HideSolutionNode = FALSE
	EndGlobalSection
	GlobalSection(ExtensibilityGlobals) = postSolution
		SolutionGuid = {1BB0E536-BBC7-45D7-A2E5-AEE6046A9995}
	EndGlobalSection
EndGlobal
